
Microsoft Visual Studio Solution File, Format Version 12.00
# Visual Studio 15
VisualStudioVersion = 15.0.28307.852
MinimumVisualStudioVersion = 10.0.40219.1
Project("{FAE04EC0-301F-11D3-BF4B-00C04F79EFBC}") = "arcSpaceWinform", "arcSpaceWinform\arcSpaceWinform.csproj", "{9C06BA28-A064-4670-87D5-5A06D16E16DA}"
	ProjectSection(ProjectDependencies) = postProject
		{B2920262-3251-49E5-BDB4-292AB8A06D29} = {B2920262-3251-49E5-BDB4-292AB8A06D29}
		{6C6C5CC4-DBCA-436F-9FAF-56DCFA8AF35E} = {6C6C5CC4-DBCA-436F-9FAF-56DCFA8AF35E}
	EndProjectSection
EndProject
Project("{2150E333-8FDC-42A3-9474-1A3956D46DE8}") = "Business_Layer", "Business_Layer", "{C9CC55F9-6C60-4C58-A6A3-5845C8238B68}"
EndProject
Project("{2150E333-8FDC-42A3-9474-1A3956D46DE8}") = "Data_Layer", "Data_Layer", "{0BA61C37-1377-40CF-906C-075D6F02091E}"
EndProject
Project("{FAE04EC0-301F-11D3-BF4B-00C04F79EFBC}") = "Coin_Type_DL", "..\Data_Layer\DL_Coin_Type\Coin_Type_DL.csproj", "{D3237E19-8F30-42DE-82AB-8DB627CF0347}"
EndProject
Project("{FAE04EC0-301F-11D3-BF4B-00C04F79EFBC}") = "Coin_Type_BL", "..\Business_Layer\BL_Coin_Type\Coin_Type_BL.csproj", "{B2920262-3251-49E5-BDB4-292AB8A06D29}"
EndProject
Project("{2150E333-8FDC-42A3-9474-1A3956D46DE8}") = "Support_Classes", "Support_Classes", "{6F2EBCB2-D67B-48F8-88E9-D5530379D005}"
EndProject
Project("{FAE04EC0-301F-11D3-BF4B-00C04F79EFBC}") = "Coin_Type", "..\Support_Classes\Coin_Type\Coin_Type.csproj", "{6C6C5CC4-DBCA-436F-9FAF-56DCFA8AF35E}"
EndProject
Project("{FAE04EC0-301F-11D3-BF4B-00C04F79EFBC}") = "BusinessLayer", "..\Business_Layer\BusinessLayer\BusinessLayer.csproj", "{DD857201-F7E3-4AD5-8963-3A71B6560ACE}"
EndProject
Project("{FAE04EC0-301F-11D3-BF4B-00C04F79EFBC}") = "DataLayer", "..\Data_Layer\DataLayer\DataLayer.csproj", "{81BC10C0-99A7-4818-8895-7D140B2F5B3F}"
EndProject
Project("{FAE04EC0-301F-11D3-BF4B-00C04F79EFBC}") = "Mint", "..\Support_Classes\Mint\Mint.csproj", "{EEC8829D-FD51-444F-8ADA-448DC5C7C111}"
EndProject
Project("{FAE04EC0-301F-11D3-BF4B-00C04F79EFBC}") = "Mint_DL", "..\Data_Layer\Mint_DL\Mint_DL.csproj", "{CE99402E-6DAA-486D-919D-F258EAF31C1D}"
EndProject
Project("{FAE04EC0-301F-11D3-BF4B-00C04F79EFBC}") = "Mint_BL", "..\Business_Layer\Mint_BL\Mint_BL.csproj", "{D8D1FE11-45F5-4A3C-A925-402FC02AA205}"
EndProject
Project("{FAE04EC0-301F-11D3-BF4B-00C04F79EFBC}") = "IssuingAuthority", "..\Support_Classes\Authority\IssuingAuthority.csproj", "{C222D963-D7B3-4D68-AD9E-CF54FDF6B772}"
EndProject
Project("{FAE04EC0-301F-11D3-BF4B-00C04F79EFBC}") = "Coin", "..\Support_Classes\Coin\Coin.csproj", "{9B3AF967-C8AF-45F4-B4F2-F2865A98DB06}"
EndProject
Project("{FAE04EC0-301F-11D3-BF4B-00C04F79EFBC}") = "Coin_DL", "..\Data_Layer\Coin_DL\Coin_DL.csproj", "{7168B471-1DE1-4D41-AEC0-DC254D86D1DD}"
EndProject
Project("{FAE04EC0-301F-11D3-BF4B-00C04F79EFBC}") = "Coin_BL", "..\Business_Layer\Coin_BL\Coin_BL.csproj", "{C6036A34-F548-42FE-AF26-9DE7C36C9513}"
EndProject
Project("{FAE04EC0-301F-11D3-BF4B-00C04F79EFBC}") = "CoinDisplaySet", "..\Support_Classes\CoinDisplaySet\CoinDisplaySet.csproj", "{8DA7ADF5-E6C3-4101-9DF4-D604F7AF28E9}"
EndProject
Project("{FAE04EC0-301F-11D3-BF4B-00C04F79EFBC}") = "CoinDisplaySet_DL", "..\Data_Layer\CoinDisplaySet_DL\CoinDisplaySet_DL.csproj", "{FEF127DC-F965-4C60-A812-CF4FF74CA35C}"
EndProject
Project("{FAE04EC0-301F-11D3-BF4B-00C04F79EFBC}") = "CoinDisplaySet_BL", "..\Business_Layer\CoinDisplaySet_BL\CoinDisplaySet_BL.csproj", "{E535E592-BB78-424A-8C2D-17FBC0AC1B50}"
EndProject
Project("{FAE04EC0-301F-11D3-BF4B-00C04F79EFBC}") = "Grade", "..\Support_Classes\Grade\Grade.csproj", "{8D04EF0E-14EA-45A1-87BA-86E6D4B12D4E}"
EndProject
Project("{FAE04EC0-301F-11D3-BF4B-00C04F79EFBC}") = "Grade_DL", "..\Data_Layer\Grade_DL\Grade_DL.csproj", "{4DA2B4C4-0B4E-44A6-BDCA-A596179E0001}"
EndProject
Project("{FAE04EC0-301F-11D3-BF4B-00C04F79EFBC}") = "Grade_BL", "..\Business_Layer\Grade_BL\Grade_BL.csproj", "{D9E9839C-9BCB-448F-BF80-B4544A5AEA5C}"
EndProject
Project("{FAE04EC0-301F-11D3-BF4B-00C04F79EFBC}") = "Material", "..\Support_Classes\Material\Material.csproj", "{CF42531D-836A-4E0A-955A-99CD6F389515}"
EndProject
Project("{FAE04EC0-301F-11D3-BF4B-00C04F79EFBC}") = "Material_DL", "..\Data_Layer\Material_DL\Material_DL.csproj", "{326A54BD-E504-491B-AF9C-CC1AB31A727C}"
EndProject
Project("{FAE04EC0-301F-11D3-BF4B-00C04F79EFBC}") = "Material_BL", "..\Business_Layer\Material_BL\Material_BL.csproj", "{6A94D241-456D-41A0-91C5-9D9919624798}"
EndProject
Project("{FAE04EC0-301F-11D3-BF4B-00C04F79EFBC}") = "IssuingAuthorityTitle", "..\Support_Classes\Title\IssuingAuthorityTitle.csproj", "{D5A13FCA-A072-49D1-AEE7-AF42227DAFA6}"
EndProject
Project("{FAE04EC0-301F-11D3-BF4B-00C04F79EFBC}") = "IssuingAuthorityTitle_DL", "..\Data_Layer\Title_DL\IssuingAuthorityTitle_DL.csproj", "{090D9003-D0E8-45E4-93A0-E3511E96F574}"
EndProject
Project("{FAE04EC0-301F-11D3-BF4B-00C04F79EFBC}") = "IssuingAuthorityTitle_BL", "..\Business_Layer\Title_BL\IssuingAuthorityTitle_BL.csproj", "{1881FFC0-8858-45D1-9FA1-F9A48D662F11}"
EndProject
Project("{FAE04EC0-301F-11D3-BF4B-00C04F79EFBC}") = "CoinLabelSet", "..\Support_Classes\CoinLabelSet\CoinLabelSet.csproj", "{790A657C-BD11-4B11-AEFE-BC5CED37E721}"
EndProject
Project("{FAE04EC0-301F-11D3-BF4B-00C04F79EFBC}") = "CoinLabelSet_DL", "..\Data_Layer\CoinLabelSet_DL\CoinLabelSet_DL.csproj", "{2B0407E6-F3DC-43CE-BCD7-F5471E52A769}"
EndProject
Project("{FAE04EC0-301F-11D3-BF4B-00C04F79EFBC}") = "RIC", "..\Support_Classes\RIC\RIC.csproj", "{F3D56025-048C-4284-B85D-2C9034C5F43F}"
EndProject
Project("{FAE04EC0-301F-11D3-BF4B-00C04F79EFBC}") = "RIC_DL", "..\Data_Layer\RIC_DL\RIC_DL.csproj", "{CFEF8420-C842-4090-9207-6C6F251A48D5}"
EndProject
Project("{FAE04EC0-301F-11D3-BF4B-00C04F79EFBC}") = "RIC_BL", "..\Business_Layer\RIC_BL\RIC_BL.csproj", "{A9B8E304-0398-4B48-9750-182B6AD661BD}"
EndProject
Project("{FAE04EC0-301F-11D3-BF4B-00C04F79EFBC}") = "Period_BL", "..\Business_Layer\Period_BL\Period_BL.csproj", "{48A2D513-0324-4DB5-A129-A0C61512ACB4}"
EndProject
Project("{FAE04EC0-301F-11D3-BF4B-00C04F79EFBC}") = "Period_DL", "..\Data_Layer\Period_DL\Period_DL.csproj", "{CD35C3C5-8898-419A-8811-33BC4070C4B4}"
EndProject
Project("{FAE04EC0-301F-11D3-BF4B-00C04F79EFBC}") = "Period", "..\Support_Classes\Period\Period.csproj", "{1FC68903-3343-4A19-89E5-A87CC264CCD6}"
EndProject
Project("{2150E333-8FDC-42A3-9474-1A3956D46DE8}") = "User_Controls", "User_Controls", "{034C4DA9-4A40-4B18-8808-725592A2B531}"
EndProject
Project("{FAE04EC0-301F-11D3-BF4B-00C04F79EFBC}") = "LogicalTreeView", "..\User_Controls\LogicalTreeView\LogicalTreeView.csproj", "{726F515A-1281-499A-9C36-700407C03853}"
EndProject
Project("{FAE04EC0-301F-11D3-BF4B-00C04F79EFBC}") = "LogicalTreeControl", "..\User_Controls\LogicalTreeControl\LogicalTreeControl.csproj", "{283BA47F-0460-4DC6-AFA8-8EDE43C327E2}"
EndProject
Project("{2150E333-8FDC-42A3-9474-1A3956D46DE8}") = "Documentation", "Documentation", "{05C435E0-F232-4856-977D-60BE414018AA}"
	ProjectSection(SolutionItems) = preProject
		..\Documentation\Changes 092019.txt = ..\Documentation\Changes 092019.txt
	EndProjectSection
EndProject
Project("{FAE04EC0-301F-11D3-BF4B-00C04F79EFBC}") = "XlReportAndLabel", "..\Support_Classes\XlLabel\XlReportAndLabel.csproj", "{7480FE92-26C0-4426-AA80-E23F4365B267}"
EndProject
Project("{FAE04EC0-301F-11D3-BF4B-00C04F79EFBC}") = "XlReportAndLabel_DL", "..\Data_Layer\XlLabel_DL\XlReportAndLabel_DL.csproj", "{93132C38-FEC3-415A-B1C6-F1E9B859E630}"
EndProject
Project("{FAE04EC0-301F-11D3-BF4B-00C04F79EFBC}") = "XlReportAndLabel_BL", "..\Business_Layer\XlLabel_BL\XlReportAndLabel_BL.csproj", "{F6E0E64A-8C7F-4D2C-A2F6-661C91657DBC}"
EndProject
Project("{FAE04EC0-301F-11D3-BF4B-00C04F79EFBC}") = "Dealer", "..\Support_Classes\Dealer\Dealer.csproj", "{F1FC3342-C3F8-468C-8DDE-46D050D1E36E}"
EndProject
Project("{FAE04EC0-301F-11D3-BF4B-00C04F79EFBC}") = "Dealer_DL", "..\Data_Layer\Dealer_DL\Dealer_DL.csproj", "{36D222D6-9EE8-4FB8-89CA-861292A1956A}"
EndProject
Project("{FAE04EC0-301F-11D3-BF4B-00C04F79EFBC}") = "Dealer_BL", "..\Business_Layer\Dealer_BL\Dealer_BL.csproj", "{AEB01FFC-9989-4E22-AEF6-0C8B6571C450}"
EndProject
Project("{FAE04EC0-301F-11D3-BF4B-00C04F79EFBC}") = "Country", "..\Support_Classes\Country\Country.csproj", "{B4489826-A9E8-4347-A41E-7267106C04A5}"
EndProject
Project("{FAE04EC0-301F-11D3-BF4B-00C04F79EFBC}") = "StateProvince", "..\Support_Classes\StateProvince\StateProvince.csproj", "{8B5DFA07-05B0-4164-BF0F-CC6D14538A0A}"
EndProject
Project("{FAE04EC0-301F-11D3-BF4B-00C04F79EFBC}") = "Country_DL", "..\Data_Layer\Country_DL\Country_DL.csproj", "{970965C6-F30D-4D3F-917C-311D22E1F22F}"
EndProject
Project("{FAE04EC0-301F-11D3-BF4B-00C04F79EFBC}") = "Country_BL", "..\Business_Layer\Country_BL\Country_BL.csproj", "{38E80FDF-B63C-4A05-9E20-3EFDEA59811F}"
EndProject
Project("{FAE04EC0-301F-11D3-BF4B-00C04F79EFBC}") = "StateProvince_DL", "..\Data_Layer\StateProvince_DL\StateProvince_DL.csproj", "{792E088B-9088-46A4-ADB8-D84BA634AC6F}"
EndProject
Project("{FAE04EC0-301F-11D3-BF4B-00C04F79EFBC}") = "StateProvince_BL", "..\Business_Layer\StateProvince_BL\StateProvince_BL.csproj", "{F59ACCD4-C0B6-4B2A-A326-9698B6A8900A}"
EndProject
Project("{FAE04EC0-301F-11D3-BF4B-00C04F79EFBC}") = "Label", "..\Support_Classes\Label\Label.csproj", "{D9A2810B-BF1D-4EB3-B2A0-0E0CF5BFF87E}"
EndProject
Project("{FAE04EC0-301F-11D3-BF4B-00C04F79EFBC}") = "Label_DL", "..\Data_Layer\Label_DL\Label_DL.csproj", "{EAC59DBA-D9CA-43A6-80D0-9225260A4D0F}"
EndProject
Project("{FAE04EC0-301F-11D3-BF4B-00C04F79EFBC}") = "Label_BL", "..\Business_Layer\Label_BL\Label_BL.csproj", "{6117C0EE-5946-49B2-AF39-BFB673E9A6F9}"
EndProject
Project("{FAE04EC0-301F-11D3-BF4B-00C04F79EFBC}") = "Era", "..\Support_Classes\Era\Era.csproj", "{B0A3BD2E-26FF-460A-A8EE-3CE9840B104B}"
EndProject
Project("{FAE04EC0-301F-11D3-BF4B-00C04F79EFBC}") = "Era_DL", "..\Data_Layer\Era_DL\Era_DL.csproj", "{0D859F5A-678E-4D5F-AB82-AE7DB6BAB4AF}"
EndProject
Project("{FAE04EC0-301F-11D3-BF4B-00C04F79EFBC}") = "Era_BL", "..\Business_Layer\Era_BL\Era_BL.csproj", "{3BB32255-20C5-4DE2-906F-E87992307E3E}"
EndProject
Project("{FAE04EC0-301F-11D3-BF4B-00C04F79EFBC}") = "IssuingAuthorityName", "..\Support_Classes\IssuingAuthorityName\IssuingAuthorityName.csproj", "{07C9D0ED-8B34-4DBC-A2A0-D59642333CF1}"
EndProject
Project("{FAE04EC0-301F-11D3-BF4B-00C04F79EFBC}") = "IssuingAuthorityReign", "..\Support_Classes\IssuingAuthorityReign\IssuingAuthorityReign.csproj", "{FDB0A9C9-3FC5-47C0-8989-5550EABBE973}"
EndProject
Project("{FAE04EC0-301F-11D3-BF4B-00C04F79EFBC}") = "IssuingAuthorityName_BL", "..\Business_Layer\IssuingAuthorityName_BL\IssuingAuthorityName_BL.csproj", "{8DEB8EB8-AA5E-427E-B002-EF5C3B666C01}"
EndProject
Project("{FAE04EC0-301F-11D3-BF4B-00C04F79EFBC}") = "IssuingAuthorityName_DL", "..\Data_Layer\IssuingAuthorityName_DL\IssuingAuthorityName_DL.csproj", "{2D325ED1-EEE2-4679-A3C5-D0EF496B9903}"
EndProject
Project("{2150E333-8FDC-42A3-9474-1A3956D46DE8}") = "Application_Layer", "Application_Layer", "{97812169-FEED-47A6-8CAA-E184C80683DF}"
EndProject
Project("{2150E333-8FDC-42A3-9474-1A3956D46DE8}") = "Global_Layer", "Global_Layer", "{74B8B640-65BF-4323-AD23-973F95058B1C}"
EndProject
Project("{FAE04EC0-301F-11D3-BF4B-00C04F79EFBC}") = "Globals", "..\Global_Layer\Globals\Globals.csproj", "{DDF88A51-CAF6-4212-97E6-6F972E97922E}"
EndProject
Project("{FAE04EC0-301F-11D3-BF4B-00C04F79EFBC}") = "LabelBuilder", "..\Application_Layer\LabelBuilder\LabelBuilder.csproj", "{67B9CD87-7730-4229-9FE7-CD758EE608CE}"
EndProject
Project("{2150E333-8FDC-42A3-9474-1A3956D46DE8}") = "Presentation_Layer", "Presentation_Layer", "{8F307D76-CDE7-49FB-91C7-2C9E35677337}"
EndProject
Project("{FAE04EC0-301F-11D3-BF4B-00C04F79EFBC}") = "arcTreeNode", "..\Presentation_Layer\arcTreeNode\arcTreeNode.csproj", "{4AAF2DF5-D194-4975-B5A7-5A5385BDDBB8}"
EndProject
Project("{FAE04EC0-301F-11D3-BF4B-00C04F79EFBC}") = "ArcNode", "..\Support_Classes\arcTag\ArcNode.csproj", "{9D4B9F5A-7592-41DF-ADD8-8C1F7D177C84}"
EndProject
Project("{FAE04EC0-301F-11D3-BF4B-00C04F79EFBC}") = "ArcNode_DL", "..\Data_Layer\ArcNode_DL\ArcNode_DL.csproj", "{F51EAA13-327B-4137-BF8D-EA3A65AB9388}"
EndProject
Project("{FAE04EC0-301F-11D3-BF4B-00C04F79EFBC}") = "ArcNode_BL", "..\Business_Layer\ArcNode_BL\ArcNode_BL.csproj", "{A675C768-7869-4C3A-ABB1-571F5691F1F3}"
EndProject
Project("{2150E333-8FDC-42A3-9474-1A3956D46DE8}") = "Special_Instructions", "Special_Instructions", "{D23D8597-3EBE-4B5D-824A-E079FB45008E}"
	ProjectSection(SolutionItems) = preProject
		Modifcation Notes112018.txt = Modifcation Notes112018.txt
		..\special instructions 072019.txt = ..\special instructions 072019.txt
	EndProjectSection
EndProject
Project("{FAE04EC0-301F-11D3-BF4B-00C04F79EFBC}") = "IssuingAuthorityReign_BL", "..\Business_Layer\IssuingAuthorityReign_BL\IssuingAuthorityReign_BL.csproj", "{083771E2-97B0-4D8C-B153-AA7C0F9BE4C3}"
EndProject
Project("{FAE04EC0-301F-11D3-BF4B-00C04F79EFBC}") = "IssuingAuthorityReign_DL", "..\Data_Layer\IssuingAuthorityReign_DL\IssuingAuthorityReign_DL.csproj", "{5FCA7C70-ED19-49E1-994C-4AC365F49A1E}"
EndProject
Project("{FAE04EC0-301F-11D3-BF4B-00C04F79EFBC}") = "IssuingAuthority_DL", "..\Data_Layer\Authority_DL\IssuingAuthority_DL.csproj", "{DA7DC3C6-A608-45B1-B5B0-5BEFCDF66587}"
EndProject
Project("{FAE04EC0-301F-11D3-BF4B-00C04F79EFBC}") = "IssuingAuthority_BL", "..\Business_Layer\Authority_BL\IssuingAuthority_BL.csproj", "{545B9F69-CE12-43AB-B631-A209E28DC2B8}"
EndProject
Project("{FAE04EC0-301F-11D3-BF4B-00C04F79EFBC}") = "PhysicalAttributes", "..\Support_Classes\PhysicalAttributes\PhysicalAttributes.csproj", "{C0F5FD55-2444-4C1E-B26E-A69FAB29449E}"
EndProject
Project("{FAE04EC0-301F-11D3-BF4B-00C04F79EFBC}") = "PhysicalAttributes_DL", "..\Data_Layer\PhysicalAttributes_DL\PhysicalAttributes_DL.csproj", "{62C1B0CE-A95C-41C0-877C-763E4E6276AB}"
EndProject
Project("{FAE04EC0-301F-11D3-BF4B-00C04F79EFBC}") = "PhysicalAttributes_BL", "..\Business_Layer\PhysicalAttributes_BL\PhysicalAttributes_BL.csproj", "{3BD4B39F-5F1F-442F-94AD-F3D9A294DFD7}"
EndProject
Global
	GlobalSection(SolutionConfigurationPlatforms) = preSolution
		Debug|Any CPU = Debug|Any CPU
		Release|Any CPU = Release|Any CPU
	EndGlobalSection
	GlobalSection(ProjectConfigurationPlatforms) = postSolution
		{9C06BA28-A064-4670-87D5-5A06D16E16DA}.Debug|Any CPU.ActiveCfg = Debug|Any CPU
		{9C06BA28-A064-4670-87D5-5A06D16E16DA}.Debug|Any CPU.Build.0 = Debug|Any CPU
		{9C06BA28-A064-4670-87D5-5A06D16E16DA}.Release|Any CPU.ActiveCfg = Release|Any CPU
		{9C06BA28-A064-4670-87D5-5A06D16E16DA}.Release|Any CPU.Build.0 = Release|Any CPU
		{D3237E19-8F30-42DE-82AB-8DB627CF0347}.Debug|Any CPU.ActiveCfg = Debug|Any CPU
		{D3237E19-8F30-42DE-82AB-8DB627CF0347}.Debug|Any CPU.Build.0 = Debug|Any CPU
		{D3237E19-8F30-42DE-82AB-8DB627CF0347}.Release|Any CPU.ActiveCfg = Release|Any CPU
		{D3237E19-8F30-42DE-82AB-8DB627CF0347}.Release|Any CPU.Build.0 = Release|Any CPU
		{B2920262-3251-49E5-BDB4-292AB8A06D29}.Debug|Any CPU.ActiveCfg = Debug|Any CPU
		{B2920262-3251-49E5-BDB4-292AB8A06D29}.Debug|Any CPU.Build.0 = Debug|Any CPU
		{B2920262-3251-49E5-BDB4-292AB8A06D29}.Release|Any CPU.ActiveCfg = Release|Any CPU
		{B2920262-3251-49E5-BDB4-292AB8A06D29}.Release|Any CPU.Build.0 = Release|Any CPU
		{6C6C5CC4-DBCA-436F-9FAF-56DCFA8AF35E}.Debug|Any CPU.ActiveCfg = Debug|Any CPU
		{6C6C5CC4-DBCA-436F-9FAF-56DCFA8AF35E}.Debug|Any CPU.Build.0 = Debug|Any CPU
		{6C6C5CC4-DBCA-436F-9FAF-56DCFA8AF35E}.Release|Any CPU.ActiveCfg = Release|Any CPU
		{6C6C5CC4-DBCA-436F-9FAF-56DCFA8AF35E}.Release|Any CPU.Build.0 = Release|Any CPU
		{DD857201-F7E3-4AD5-8963-3A71B6560ACE}.Debug|Any CPU.ActiveCfg = Debug|Any CPU
		{DD857201-F7E3-4AD5-8963-3A71B6560ACE}.Debug|Any CPU.Build.0 = Debug|Any CPU
		{DD857201-F7E3-4AD5-8963-3A71B6560ACE}.Release|Any CPU.ActiveCfg = Release|Any CPU
		{DD857201-F7E3-4AD5-8963-3A71B6560ACE}.Release|Any CPU.Build.0 = Release|Any CPU
		{81BC10C0-99A7-4818-8895-7D140B2F5B3F}.Debug|Any CPU.ActiveCfg = Debug|Any CPU
		{81BC10C0-99A7-4818-8895-7D140B2F5B3F}.Debug|Any CPU.Build.0 = Debug|Any CPU
		{81BC10C0-99A7-4818-8895-7D140B2F5B3F}.Release|Any CPU.ActiveCfg = Release|Any CPU
		{81BC10C0-99A7-4818-8895-7D140B2F5B3F}.Release|Any CPU.Build.0 = Release|Any CPU
		{EEC8829D-FD51-444F-8ADA-448DC5C7C111}.Debug|Any CPU.ActiveCfg = Debug|Any CPU
		{EEC8829D-FD51-444F-8ADA-448DC5C7C111}.Debug|Any CPU.Build.0 = Debug|Any CPU
		{EEC8829D-FD51-444F-8ADA-448DC5C7C111}.Release|Any CPU.ActiveCfg = Release|Any CPU
		{EEC8829D-FD51-444F-8ADA-448DC5C7C111}.Release|Any CPU.Build.0 = Release|Any CPU
		{CE99402E-6DAA-486D-919D-F258EAF31C1D}.Debug|Any CPU.ActiveCfg = Debug|Any CPU
		{CE99402E-6DAA-486D-919D-F258EAF31C1D}.Debug|Any CPU.Build.0 = Debug|Any CPU
		{CE99402E-6DAA-486D-919D-F258EAF31C1D}.Release|Any CPU.ActiveCfg = Release|Any CPU
		{CE99402E-6DAA-486D-919D-F258EAF31C1D}.Release|Any CPU.Build.0 = Release|Any CPU
		{D8D1FE11-45F5-4A3C-A925-402FC02AA205}.Debug|Any CPU.ActiveCfg = Debug|Any CPU
		{D8D1FE11-45F5-4A3C-A925-402FC02AA205}.Debug|Any CPU.Build.0 = Debug|Any CPU
		{D8D1FE11-45F5-4A3C-A925-402FC02AA205}.Release|Any CPU.ActiveCfg = Release|Any CPU
		{D8D1FE11-45F5-4A3C-A925-402FC02AA205}.Release|Any CPU.Build.0 = Release|Any CPU
		{C222D963-D7B3-4D68-AD9E-CF54FDF6B772}.Debug|Any CPU.ActiveCfg = Debug|Any CPU
		{C222D963-D7B3-4D68-AD9E-CF54FDF6B772}.Debug|Any CPU.Build.0 = Debug|Any CPU
		{C222D963-D7B3-4D68-AD9E-CF54FDF6B772}.Release|Any CPU.ActiveCfg = Release|Any CPU
		{C222D963-D7B3-4D68-AD9E-CF54FDF6B772}.Release|Any CPU.Build.0 = Release|Any CPU
		{9B3AF967-C8AF-45F4-B4F2-F2865A98DB06}.Debug|Any CPU.ActiveCfg = Debug|Any CPU
		{9B3AF967-C8AF-45F4-B4F2-F2865A98DB06}.Debug|Any CPU.Build.0 = Debug|Any CPU
		{9B3AF967-C8AF-45F4-B4F2-F2865A98DB06}.Release|Any CPU.ActiveCfg = Release|Any CPU
		{9B3AF967-C8AF-45F4-B4F2-F2865A98DB06}.Release|Any CPU.Build.0 = Release|Any CPU
		{7168B471-1DE1-4D41-AEC0-DC254D86D1DD}.Debug|Any CPU.ActiveCfg = Debug|Any CPU
		{7168B471-1DE1-4D41-AEC0-DC254D86D1DD}.Debug|Any CPU.Build.0 = Debug|Any CPU
		{7168B471-1DE1-4D41-AEC0-DC254D86D1DD}.Release|Any CPU.ActiveCfg = Release|Any CPU
		{7168B471-1DE1-4D41-AEC0-DC254D86D1DD}.Release|Any CPU.Build.0 = Release|Any CPU
		{C6036A34-F548-42FE-AF26-9DE7C36C9513}.Debug|Any CPU.ActiveCfg = Debug|Any CPU
		{C6036A34-F548-42FE-AF26-9DE7C36C9513}.Debug|Any CPU.Build.0 = Debug|Any CPU
		{C6036A34-F548-42FE-AF26-9DE7C36C9513}.Release|Any CPU.ActiveCfg = Release|Any CPU
		{C6036A34-F548-42FE-AF26-9DE7C36C9513}.Release|Any CPU.Build.0 = Release|Any CPU
		{8DA7ADF5-E6C3-4101-9DF4-D604F7AF28E9}.Debug|Any CPU.ActiveCfg = Debug|Any CPU
		{8DA7ADF5-E6C3-4101-9DF4-D604F7AF28E9}.Debug|Any CPU.Build.0 = Debug|Any CPU
		{8DA7ADF5-E6C3-4101-9DF4-D604F7AF28E9}.Release|Any CPU.ActiveCfg = Release|Any CPU
		{8DA7ADF5-E6C3-4101-9DF4-D604F7AF28E9}.Release|Any CPU.Build.0 = Release|Any CPU
		{FEF127DC-F965-4C60-A812-CF4FF74CA35C}.Debug|Any CPU.ActiveCfg = Debug|Any CPU
		{FEF127DC-F965-4C60-A812-CF4FF74CA35C}.Debug|Any CPU.Build.0 = Debug|Any CPU
		{FEF127DC-F965-4C60-A812-CF4FF74CA35C}.Release|Any CPU.ActiveCfg = Release|Any CPU
		{FEF127DC-F965-4C60-A812-CF4FF74CA35C}.Release|Any CPU.Build.0 = Release|Any CPU
		{E535E592-BB78-424A-8C2D-17FBC0AC1B50}.Debug|Any CPU.ActiveCfg = Debug|Any CPU
		{E535E592-BB78-424A-8C2D-17FBC0AC1B50}.Debug|Any CPU.Build.0 = Debug|Any CPU
		{E535E592-BB78-424A-8C2D-17FBC0AC1B50}.Release|Any CPU.ActiveCfg = Release|Any CPU
		{E535E592-BB78-424A-8C2D-17FBC0AC1B50}.Release|Any CPU.Build.0 = Release|Any CPU
		{8D04EF0E-14EA-45A1-87BA-86E6D4B12D4E}.Debug|Any CPU.ActiveCfg = Debug|Any CPU
		{8D04EF0E-14EA-45A1-87BA-86E6D4B12D4E}.Debug|Any CPU.Build.0 = Debug|Any CPU
		{8D04EF0E-14EA-45A1-87BA-86E6D4B12D4E}.Release|Any CPU.ActiveCfg = Release|Any CPU
		{8D04EF0E-14EA-45A1-87BA-86E6D4B12D4E}.Release|Any CPU.Build.0 = Release|Any CPU
		{4DA2B4C4-0B4E-44A6-BDCA-A596179E0001}.Debug|Any CPU.ActiveCfg = Debug|Any CPU
		{4DA2B4C4-0B4E-44A6-BDCA-A596179E0001}.Debug|Any CPU.Build.0 = Debug|Any CPU
		{4DA2B4C4-0B4E-44A6-BDCA-A596179E0001}.Release|Any CPU.ActiveCfg = Release|Any CPU
		{4DA2B4C4-0B4E-44A6-BDCA-A596179E0001}.Release|Any CPU.Build.0 = Release|Any CPU
		{D9E9839C-9BCB-448F-BF80-B4544A5AEA5C}.Debug|Any CPU.ActiveCfg = Debug|Any CPU
		{D9E9839C-9BCB-448F-BF80-B4544A5AEA5C}.Debug|Any CPU.Build.0 = Debug|Any CPU
		{D9E9839C-9BCB-448F-BF80-B4544A5AEA5C}.Release|Any CPU.ActiveCfg = Release|Any CPU
		{D9E9839C-9BCB-448F-BF80-B4544A5AEA5C}.Release|Any CPU.Build.0 = Release|Any CPU
		{CF42531D-836A-4E0A-955A-99CD6F389515}.Debug|Any CPU.ActiveCfg = Debug|Any CPU
		{CF42531D-836A-4E0A-955A-99CD6F389515}.Debug|Any CPU.Build.0 = Debug|Any CPU
		{CF42531D-836A-4E0A-955A-99CD6F389515}.Release|Any CPU.ActiveCfg = Release|Any CPU
		{CF42531D-836A-4E0A-955A-99CD6F389515}.Release|Any CPU.Build.0 = Release|Any CPU
		{326A54BD-E504-491B-AF9C-CC1AB31A727C}.Debug|Any CPU.ActiveCfg = Debug|Any CPU
		{326A54BD-E504-491B-AF9C-CC1AB31A727C}.Debug|Any CPU.Build.0 = Debug|Any CPU
		{326A54BD-E504-491B-AF9C-CC1AB31A727C}.Release|Any CPU.ActiveCfg = Release|Any CPU
		{326A54BD-E504-491B-AF9C-CC1AB31A727C}.Release|Any CPU.Build.0 = Release|Any CPU
		{6A94D241-456D-41A0-91C5-9D9919624798}.Debug|Any CPU.ActiveCfg = Debug|Any CPU
		{6A94D241-456D-41A0-91C5-9D9919624798}.Debug|Any CPU.Build.0 = Debug|Any CPU
		{6A94D241-456D-41A0-91C5-9D9919624798}.Release|Any CPU.ActiveCfg = Release|Any CPU
		{6A94D241-456D-41A0-91C5-9D9919624798}.Release|Any CPU.Build.0 = Release|Any CPU
		{D5A13FCA-A072-49D1-AEE7-AF42227DAFA6}.Debug|Any CPU.ActiveCfg = Debug|Any CPU
		{D5A13FCA-A072-49D1-AEE7-AF42227DAFA6}.Debug|Any CPU.Build.0 = Debug|Any CPU
		{D5A13FCA-A072-49D1-AEE7-AF42227DAFA6}.Release|Any CPU.ActiveCfg = Release|Any CPU
		{D5A13FCA-A072-49D1-AEE7-AF42227DAFA6}.Release|Any CPU.Build.0 = Release|Any CPU
		{090D9003-D0E8-45E4-93A0-E3511E96F574}.Debug|Any CPU.ActiveCfg = Debug|Any CPU
		{090D9003-D0E8-45E4-93A0-E3511E96F574}.Debug|Any CPU.Build.0 = Debug|Any CPU
		{090D9003-D0E8-45E4-93A0-E3511E96F574}.Release|Any CPU.ActiveCfg = Release|Any CPU
		{090D9003-D0E8-45E4-93A0-E3511E96F574}.Release|Any CPU.Build.0 = Release|Any CPU
		{1881FFC0-8858-45D1-9FA1-F9A48D662F11}.Debug|Any CPU.ActiveCfg = Debug|Any CPU
		{1881FFC0-8858-45D1-9FA1-F9A48D662F11}.Debug|Any CPU.Build.0 = Debug|Any CPU
		{1881FFC0-8858-45D1-9FA1-F9A48D662F11}.Release|Any CPU.ActiveCfg = Release|Any CPU
		{1881FFC0-8858-45D1-9FA1-F9A48D662F11}.Release|Any CPU.Build.0 = Release|Any CPU
		{790A657C-BD11-4B11-AEFE-BC5CED37E721}.Debug|Any CPU.ActiveCfg = Debug|Any CPU
		{790A657C-BD11-4B11-AEFE-BC5CED37E721}.Debug|Any CPU.Build.0 = Debug|Any CPU
		{790A657C-BD11-4B11-AEFE-BC5CED37E721}.Release|Any CPU.ActiveCfg = Release|Any CPU
		{790A657C-BD11-4B11-AEFE-BC5CED37E721}.Release|Any CPU.Build.0 = Release|Any CPU
		{2B0407E6-F3DC-43CE-BCD7-F5471E52A769}.Debug|Any CPU.ActiveCfg = Debug|Any CPU
		{2B0407E6-F3DC-43CE-BCD7-F5471E52A769}.Debug|Any CPU.Build.0 = Debug|Any CPU
		{2B0407E6-F3DC-43CE-BCD7-F5471E52A769}.Release|Any CPU.ActiveCfg = Release|Any CPU
		{2B0407E6-F3DC-43CE-BCD7-F5471E52A769}.Release|Any CPU.Build.0 = Release|Any CPU
		{F3D56025-048C-4284-B85D-2C9034C5F43F}.Debug|Any CPU.ActiveCfg = Debug|Any CPU
		{F3D56025-048C-4284-B85D-2C9034C5F43F}.Debug|Any CPU.Build.0 = Debug|Any CPU
		{F3D56025-048C-4284-B85D-2C9034C5F43F}.Release|Any CPU.ActiveCfg = Release|Any CPU
		{F3D56025-048C-4284-B85D-2C9034C5F43F}.Release|Any CPU.Build.0 = Release|Any CPU
		{CFEF8420-C842-4090-9207-6C6F251A48D5}.Debug|Any CPU.ActiveCfg = Debug|Any CPU
		{CFEF8420-C842-4090-9207-6C6F251A48D5}.Debug|Any CPU.Build.0 = Debug|Any CPU
		{CFEF8420-C842-4090-9207-6C6F251A48D5}.Release|Any CPU.ActiveCfg = Release|Any CPU
		{CFEF8420-C842-4090-9207-6C6F251A48D5}.Release|Any CPU.Build.0 = Release|Any CPU
		{A9B8E304-0398-4B48-9750-182B6AD661BD}.Debug|Any CPU.ActiveCfg = Debug|Any CPU
		{A9B8E304-0398-4B48-9750-182B6AD661BD}.Debug|Any CPU.Build.0 = Debug|Any CPU
		{A9B8E304-0398-4B48-9750-182B6AD661BD}.Release|Any CPU.ActiveCfg = Release|Any CPU
		{A9B8E304-0398-4B48-9750-182B6AD661BD}.Release|Any CPU.Build.0 = Release|Any CPU
		{48A2D513-0324-4DB5-A129-A0C61512ACB4}.Debug|Any CPU.ActiveCfg = Debug|Any CPU
		{48A2D513-0324-4DB5-A129-A0C61512ACB4}.Debug|Any CPU.Build.0 = Debug|Any CPU
		{48A2D513-0324-4DB5-A129-A0C61512ACB4}.Release|Any CPU.ActiveCfg = Release|Any CPU
		{48A2D513-0324-4DB5-A129-A0C61512ACB4}.Release|Any CPU.Build.0 = Release|Any CPU
		{CD35C3C5-8898-419A-8811-33BC4070C4B4}.Debug|Any CPU.ActiveCfg = Debug|Any CPU
		{CD35C3C5-8898-419A-8811-33BC4070C4B4}.Debug|Any CPU.Build.0 = Debug|Any CPU
		{CD35C3C5-8898-419A-8811-33BC4070C4B4}.Release|Any CPU.ActiveCfg = Release|Any CPU
		{CD35C3C5-8898-419A-8811-33BC4070C4B4}.Release|Any CPU.Build.0 = Release|Any CPU
		{1FC68903-3343-4A19-89E5-A87CC264CCD6}.Debug|Any CPU.ActiveCfg = Debug|Any CPU
		{1FC68903-3343-4A19-89E5-A87CC264CCD6}.Debug|Any CPU.Build.0 = Debug|Any CPU
		{1FC68903-3343-4A19-89E5-A87CC264CCD6}.Release|Any CPU.ActiveCfg = Release|Any CPU
		{1FC68903-3343-4A19-89E5-A87CC264CCD6}.Release|Any CPU.Build.0 = Release|Any CPU
		{726F515A-1281-499A-9C36-700407C03853}.Debug|Any CPU.ActiveCfg = Debug|Any CPU
		{726F515A-1281-499A-9C36-700407C03853}.Debug|Any CPU.Build.0 = Debug|Any CPU
		{726F515A-1281-499A-9C36-700407C03853}.Release|Any CPU.ActiveCfg = Release|Any CPU
		{726F515A-1281-499A-9C36-700407C03853}.Release|Any CPU.Build.0 = Release|Any CPU
		{283BA47F-0460-4DC6-AFA8-8EDE43C327E2}.Debug|Any CPU.ActiveCfg = Debug|Any CPU
		{283BA47F-0460-4DC6-AFA8-8EDE43C327E2}.Debug|Any CPU.Build.0 = Debug|Any CPU
		{283BA47F-0460-4DC6-AFA8-8EDE43C327E2}.Release|Any CPU.ActiveCfg = Release|Any CPU
		{283BA47F-0460-4DC6-AFA8-8EDE43C327E2}.Release|Any CPU.Build.0 = Release|Any CPU
		{7480FE92-26C0-4426-AA80-E23F4365B267}.Debug|Any CPU.ActiveCfg = Debug|Any CPU
		{7480FE92-26C0-4426-AA80-E23F4365B267}.Debug|Any CPU.Build.0 = Debug|Any CPU
		{7480FE92-26C0-4426-AA80-E23F4365B267}.Release|Any CPU.ActiveCfg = Release|Any CPU
		{7480FE92-26C0-4426-AA80-E23F4365B267}.Release|Any CPU.Build.0 = Release|Any CPU
		{93132C38-FEC3-415A-B1C6-F1E9B859E630}.Debug|Any CPU.ActiveCfg = Debug|Any CPU
		{93132C38-FEC3-415A-B1C6-F1E9B859E630}.Debug|Any CPU.Build.0 = Debug|Any CPU
		{93132C38-FEC3-415A-B1C6-F1E9B859E630}.Release|Any CPU.ActiveCfg = Release|Any CPU
		{93132C38-FEC3-415A-B1C6-F1E9B859E630}.Release|Any CPU.Build.0 = Release|Any CPU
		{F6E0E64A-8C7F-4D2C-A2F6-661C91657DBC}.Debug|Any CPU.ActiveCfg = Debug|Any CPU
		{F6E0E64A-8C7F-4D2C-A2F6-661C91657DBC}.Debug|Any CPU.Build.0 = Debug|Any CPU
		{F6E0E64A-8C7F-4D2C-A2F6-661C91657DBC}.Release|Any CPU.ActiveCfg = Release|Any CPU
		{F6E0E64A-8C7F-4D2C-A2F6-661C91657DBC}.Release|Any CPU.Build.0 = Release|Any CPU
		{F1FC3342-C3F8-468C-8DDE-46D050D1E36E}.Debug|Any CPU.ActiveCfg = Debug|Any CPU
		{F1FC3342-C3F8-468C-8DDE-46D050D1E36E}.Debug|Any CPU.Build.0 = Debug|Any CPU
		{F1FC3342-C3F8-468C-8DDE-46D050D1E36E}.Release|Any CPU.ActiveCfg = Release|Any CPU
		{F1FC3342-C3F8-468C-8DDE-46D050D1E36E}.Release|Any CPU.Build.0 = Release|Any CPU
		{36D222D6-9EE8-4FB8-89CA-861292A1956A}.Debug|Any CPU.ActiveCfg = Debug|Any CPU
		{36D222D6-9EE8-4FB8-89CA-861292A1956A}.Debug|Any CPU.Build.0 = Debug|Any CPU
		{36D222D6-9EE8-4FB8-89CA-861292A1956A}.Release|Any CPU.ActiveCfg = Release|Any CPU
		{36D222D6-9EE8-4FB8-89CA-861292A1956A}.Release|Any CPU.Build.0 = Release|Any CPU
		{AEB01FFC-9989-4E22-AEF6-0C8B6571C450}.Debug|Any CPU.ActiveCfg = Debug|Any CPU
		{AEB01FFC-9989-4E22-AEF6-0C8B6571C450}.Debug|Any CPU.Build.0 = Debug|Any CPU
		{AEB01FFC-9989-4E22-AEF6-0C8B6571C450}.Release|Any CPU.ActiveCfg = Release|Any CPU
		{AEB01FFC-9989-4E22-AEF6-0C8B6571C450}.Release|Any CPU.Build.0 = Release|Any CPU
		{B4489826-A9E8-4347-A41E-7267106C04A5}.Debug|Any CPU.ActiveCfg = Debug|Any CPU
		{B4489826-A9E8-4347-A41E-7267106C04A5}.Debug|Any CPU.Build.0 = Debug|Any CPU
		{B4489826-A9E8-4347-A41E-7267106C04A5}.Release|Any CPU.ActiveCfg = Release|Any CPU
		{B4489826-A9E8-4347-A41E-7267106C04A5}.Release|Any CPU.Build.0 = Release|Any CPU
		{8B5DFA07-05B0-4164-BF0F-CC6D14538A0A}.Debug|Any CPU.ActiveCfg = Debug|Any CPU
		{8B5DFA07-05B0-4164-BF0F-CC6D14538A0A}.Debug|Any CPU.Build.0 = Debug|Any CPU
		{8B5DFA07-05B0-4164-BF0F-CC6D14538A0A}.Release|Any CPU.ActiveCfg = Release|Any CPU
		{8B5DFA07-05B0-4164-BF0F-CC6D14538A0A}.Release|Any CPU.Build.0 = Release|Any CPU
		{970965C6-F30D-4D3F-917C-311D22E1F22F}.Debug|Any CPU.ActiveCfg = Debug|Any CPU
		{970965C6-F30D-4D3F-917C-311D22E1F22F}.Debug|Any CPU.Build.0 = Debug|Any CPU
		{970965C6-F30D-4D3F-917C-311D22E1F22F}.Release|Any CPU.ActiveCfg = Release|Any CPU
		{970965C6-F30D-4D3F-917C-311D22E1F22F}.Release|Any CPU.Build.0 = Release|Any CPU
		{38E80FDF-B63C-4A05-9E20-3EFDEA59811F}.Debug|Any CPU.ActiveCfg = Debug|Any CPU
		{38E80FDF-B63C-4A05-9E20-3EFDEA59811F}.Debug|Any CPU.Build.0 = Debug|Any CPU
		{38E80FDF-B63C-4A05-9E20-3EFDEA59811F}.Release|Any CPU.ActiveCfg = Release|Any CPU
		{38E80FDF-B63C-4A05-9E20-3EFDEA59811F}.Release|Any CPU.Build.0 = Release|Any CPU
		{792E088B-9088-46A4-ADB8-D84BA634AC6F}.Debug|Any CPU.ActiveCfg = Debug|Any CPU
		{792E088B-9088-46A4-ADB8-D84BA634AC6F}.Debug|Any CPU.Build.0 = Debug|Any CPU
		{792E088B-9088-46A4-ADB8-D84BA634AC6F}.Release|Any CPU.ActiveCfg = Release|Any CPU
		{792E088B-9088-46A4-ADB8-D84BA634AC6F}.Release|Any CPU.Build.0 = Release|Any CPU
		{F59ACCD4-C0B6-4B2A-A326-9698B6A8900A}.Debug|Any CPU.ActiveCfg = Debug|Any CPU
		{F59ACCD4-C0B6-4B2A-A326-9698B6A8900A}.Debug|Any CPU.Build.0 = Debug|Any CPU
		{F59ACCD4-C0B6-4B2A-A326-9698B6A8900A}.Release|Any CPU.ActiveCfg = Release|Any CPU
		{F59ACCD4-C0B6-4B2A-A326-9698B6A8900A}.Release|Any CPU.Build.0 = Release|Any CPU
		{D9A2810B-BF1D-4EB3-B2A0-0E0CF5BFF87E}.Debug|Any CPU.ActiveCfg = Debug|Any CPU
		{D9A2810B-BF1D-4EB3-B2A0-0E0CF5BFF87E}.Debug|Any CPU.Build.0 = Debug|Any CPU
		{D9A2810B-BF1D-4EB3-B2A0-0E0CF5BFF87E}.Release|Any CPU.ActiveCfg = Release|Any CPU
		{D9A2810B-BF1D-4EB3-B2A0-0E0CF5BFF87E}.Release|Any CPU.Build.0 = Release|Any CPU
		{EAC59DBA-D9CA-43A6-80D0-9225260A4D0F}.Debug|Any CPU.ActiveCfg = Debug|Any CPU
		{EAC59DBA-D9CA-43A6-80D0-9225260A4D0F}.Debug|Any CPU.Build.0 = Debug|Any CPU
		{EAC59DBA-D9CA-43A6-80D0-9225260A4D0F}.Release|Any CPU.ActiveCfg = Release|Any CPU
		{EAC59DBA-D9CA-43A6-80D0-9225260A4D0F}.Release|Any CPU.Build.0 = Release|Any CPU
		{6117C0EE-5946-49B2-AF39-BFB673E9A6F9}.Debug|Any CPU.ActiveCfg = Debug|Any CPU
		{6117C0EE-5946-49B2-AF39-BFB673E9A6F9}.Debug|Any CPU.Build.0 = Debug|Any CPU
		{6117C0EE-5946-49B2-AF39-BFB673E9A6F9}.Release|Any CPU.ActiveCfg = Release|Any CPU
		{6117C0EE-5946-49B2-AF39-BFB673E9A6F9}.Release|Any CPU.Build.0 = Release|Any CPU
		{B0A3BD2E-26FF-460A-A8EE-3CE9840B104B}.Debug|Any CPU.ActiveCfg = Debug|Any CPU
		{B0A3BD2E-26FF-460A-A8EE-3CE9840B104B}.Debug|Any CPU.Build.0 = Debug|Any CPU
		{B0A3BD2E-26FF-460A-A8EE-3CE9840B104B}.Release|Any CPU.ActiveCfg = Release|Any CPU
		{B0A3BD2E-26FF-460A-A8EE-3CE9840B104B}.Release|Any CPU.Build.0 = Release|Any CPU
		{0D859F5A-678E-4D5F-AB82-AE7DB6BAB4AF}.Debug|Any CPU.ActiveCfg = Debug|Any CPU
		{0D859F5A-678E-4D5F-AB82-AE7DB6BAB4AF}.Debug|Any CPU.Build.0 = Debug|Any CPU
		{0D859F5A-678E-4D5F-AB82-AE7DB6BAB4AF}.Release|Any CPU.ActiveCfg = Release|Any CPU
		{0D859F5A-678E-4D5F-AB82-AE7DB6BAB4AF}.Release|Any CPU.Build.0 = Release|Any CPU
		{3BB32255-20C5-4DE2-906F-E87992307E3E}.Debug|Any CPU.ActiveCfg = Debug|Any CPU
		{3BB32255-20C5-4DE2-906F-E87992307E3E}.Debug|Any CPU.Build.0 = Debug|Any CPU
		{3BB32255-20C5-4DE2-906F-E87992307E3E}.Release|Any CPU.ActiveCfg = Release|Any CPU
		{3BB32255-20C5-4DE2-906F-E87992307E3E}.Release|Any CPU.Build.0 = Release|Any CPU
		{07C9D0ED-8B34-4DBC-A2A0-D59642333CF1}.Debug|Any CPU.ActiveCfg = Debug|Any CPU
		{07C9D0ED-8B34-4DBC-A2A0-D59642333CF1}.Debug|Any CPU.Build.0 = Debug|Any CPU
		{07C9D0ED-8B34-4DBC-A2A0-D59642333CF1}.Release|Any CPU.ActiveCfg = Release|Any CPU
		{07C9D0ED-8B34-4DBC-A2A0-D59642333CF1}.Release|Any CPU.Build.0 = Release|Any CPU
		{FDB0A9C9-3FC5-47C0-8989-5550EABBE973}.Debug|Any CPU.ActiveCfg = Debug|Any CPU
		{FDB0A9C9-3FC5-47C0-8989-5550EABBE973}.Debug|Any CPU.Build.0 = Debug|Any CPU
		{FDB0A9C9-3FC5-47C0-8989-5550EABBE973}.Release|Any CPU.ActiveCfg = Release|Any CPU
		{FDB0A9C9-3FC5-47C0-8989-5550EABBE973}.Release|Any CPU.Build.0 = Release|Any CPU
		{8DEB8EB8-AA5E-427E-B002-EF5C3B666C01}.Debug|Any CPU.ActiveCfg = Debug|Any CPU
		{8DEB8EB8-AA5E-427E-B002-EF5C3B666C01}.Debug|Any CPU.Build.0 = Debug|Any CPU
		{8DEB8EB8-AA5E-427E-B002-EF5C3B666C01}.Release|Any CPU.ActiveCfg = Release|Any CPU
		{8DEB8EB8-AA5E-427E-B002-EF5C3B666C01}.Release|Any CPU.Build.0 = Release|Any CPU
		{2D325ED1-EEE2-4679-A3C5-D0EF496B9903}.Debug|Any CPU.ActiveCfg = Debug|Any CPU
		{2D325ED1-EEE2-4679-A3C5-D0EF496B9903}.Debug|Any CPU.Build.0 = Debug|Any CPU
		{2D325ED1-EEE2-4679-A3C5-D0EF496B9903}.Release|Any CPU.ActiveCfg = Release|Any CPU
		{2D325ED1-EEE2-4679-A3C5-D0EF496B9903}.Release|Any CPU.Build.0 = Release|Any CPU
		{DDF88A51-CAF6-4212-97E6-6F972E97922E}.Debug|Any CPU.ActiveCfg = Debug|Any CPU
		{DDF88A51-CAF6-4212-97E6-6F972E97922E}.Debug|Any CPU.Build.0 = Debug|Any CPU
		{DDF88A51-CAF6-4212-97E6-6F972E97922E}.Release|Any CPU.ActiveCfg = Release|Any CPU
		{DDF88A51-CAF6-4212-97E6-6F972E97922E}.Release|Any CPU.Build.0 = Release|Any CPU
		{67B9CD87-7730-4229-9FE7-CD758EE608CE}.Debug|Any CPU.ActiveCfg = Debug|Any CPU
		{67B9CD87-7730-4229-9FE7-CD758EE608CE}.Debug|Any CPU.Build.0 = Debug|Any CPU
		{67B9CD87-7730-4229-9FE7-CD758EE608CE}.Release|Any CPU.ActiveCfg = Release|Any CPU
		{67B9CD87-7730-4229-9FE7-CD758EE608CE}.Release|Any CPU.Build.0 = Release|Any CPU
		{4AAF2DF5-D194-4975-B5A7-5A5385BDDBB8}.Debug|Any CPU.ActiveCfg = Debug|Any CPU
		{4AAF2DF5-D194-4975-B5A7-5A5385BDDBB8}.Debug|Any CPU.Build.0 = Debug|Any CPU
		{4AAF2DF5-D194-4975-B5A7-5A5385BDDBB8}.Release|Any CPU.ActiveCfg = Release|Any CPU
		{4AAF2DF5-D194-4975-B5A7-5A5385BDDBB8}.Release|Any CPU.Build.0 = Release|Any CPU
		{9D4B9F5A-7592-41DF-ADD8-8C1F7D177C84}.Debug|Any CPU.ActiveCfg = Debug|Any CPU
		{9D4B9F5A-7592-41DF-ADD8-8C1F7D177C84}.Debug|Any CPU.Build.0 = Debug|Any CPU
		{9D4B9F5A-7592-41DF-ADD8-8C1F7D177C84}.Release|Any CPU.ActiveCfg = Release|Any CPU
		{9D4B9F5A-7592-41DF-ADD8-8C1F7D177C84}.Release|Any CPU.Build.0 = Release|Any CPU
		{F51EAA13-327B-4137-BF8D-EA3A65AB9388}.Debug|Any CPU.ActiveCfg = Debug|Any CPU
		{F51EAA13-327B-4137-BF8D-EA3A65AB9388}.Debug|Any CPU.Build.0 = Debug|Any CPU
		{F51EAA13-327B-4137-BF8D-EA3A65AB9388}.Release|Any CPU.ActiveCfg = Release|Any CPU
		{F51EAA13-327B-4137-BF8D-EA3A65AB9388}.Release|Any CPU.Build.0 = Release|Any CPU
		{A675C768-7869-4C3A-ABB1-571F5691F1F3}.Debug|Any CPU.ActiveCfg = Debug|Any CPU
		{A675C768-7869-4C3A-ABB1-571F5691F1F3}.Debug|Any CPU.Build.0 = Debug|Any CPU
		{A675C768-7869-4C3A-ABB1-571F5691F1F3}.Release|Any CPU.ActiveCfg = Release|Any CPU
		{A675C768-7869-4C3A-ABB1-571F5691F1F3}.Release|Any CPU.Build.0 = Release|Any CPU
		{083771E2-97B0-4D8C-B153-AA7C0F9BE4C3}.Debug|Any CPU.ActiveCfg = Debug|Any CPU
		{083771E2-97B0-4D8C-B153-AA7C0F9BE4C3}.Debug|Any CPU.Build.0 = Debug|Any CPU
		{083771E2-97B0-4D8C-B153-AA7C0F9BE4C3}.Release|Any CPU.ActiveCfg = Release|Any CPU
		{083771E2-97B0-4D8C-B153-AA7C0F9BE4C3}.Release|Any CPU.Build.0 = Release|Any CPU
		{5FCA7C70-ED19-49E1-994C-4AC365F49A1E}.Debug|Any CPU.ActiveCfg = Debug|Any CPU
		{5FCA7C70-ED19-49E1-994C-4AC365F49A1E}.Debug|Any CPU.Build.0 = Debug|Any CPU
		{5FCA7C70-ED19-49E1-994C-4AC365F49A1E}.Release|Any CPU.ActiveCfg = Release|Any CPU
		{5FCA7C70-ED19-49E1-994C-4AC365F49A1E}.Release|Any CPU.Build.0 = Release|Any CPU
		{DA7DC3C6-A608-45B1-B5B0-5BEFCDF66587}.Debug|Any CPU.ActiveCfg = Debug|Any CPU
		{DA7DC3C6-A608-45B1-B5B0-5BEFCDF66587}.Debug|Any CPU.Build.0 = Debug|Any CPU
		{DA7DC3C6-A608-45B1-B5B0-5BEFCDF66587}.Release|Any CPU.ActiveCfg = Release|Any CPU
		{DA7DC3C6-A608-45B1-B5B0-5BEFCDF66587}.Release|Any CPU.Build.0 = Release|Any CPU
		{545B9F69-CE12-43AB-B631-A209E28DC2B8}.Debug|Any CPU.ActiveCfg = Debug|Any CPU
		{545B9F69-CE12-43AB-B631-A209E28DC2B8}.Debug|Any CPU.Build.0 = Debug|Any CPU
		{545B9F69-CE12-43AB-B631-A209E28DC2B8}.Release|Any CPU.ActiveCfg = Release|Any CPU
		{545B9F69-CE12-43AB-B631-A209E28DC2B8}.Release|Any CPU.Build.0 = Release|Any CPU
		{C0F5FD55-2444-4C1E-B26E-A69FAB29449E}.Debug|Any CPU.ActiveCfg = Debug|Any CPU
		{C0F5FD55-2444-4C1E-B26E-A69FAB29449E}.Debug|Any CPU.Build.0 = Debug|Any CPU
		{C0F5FD55-2444-4C1E-B26E-A69FAB29449E}.Release|Any CPU.ActiveCfg = Release|Any CPU
		{C0F5FD55-2444-4C1E-B26E-A69FAB29449E}.Release|Any CPU.Build.0 = Release|Any CPU
		{62C1B0CE-A95C-41C0-877C-763E4E6276AB}.Debug|Any CPU.ActiveCfg = Debug|Any CPU
		{62C1B0CE-A95C-41C0-877C-763E4E6276AB}.Debug|Any CPU.Build.0 = Debug|Any CPU
		{62C1B0CE-A95C-41C0-877C-763E4E6276AB}.Release|Any CPU.ActiveCfg = Release|Any CPU
		{62C1B0CE-A95C-41C0-877C-763E4E6276AB}.Release|Any CPU.Build.0 = Release|Any CPU
		{3BD4B39F-5F1F-442F-94AD-F3D9A294DFD7}.Debug|Any CPU.ActiveCfg = Debug|Any CPU
		{3BD4B39F-5F1F-442F-94AD-F3D9A294DFD7}.Debug|Any CPU.Build.0 = Debug|Any CPU
		{3BD4B39F-5F1F-442F-94AD-F3D9A294DFD7}.Release|Any CPU.ActiveCfg = Release|Any CPU
		{3BD4B39F-5F1F-442F-94AD-F3D9A294DFD7}.Release|Any CPU.Build.0 = Release|Any CPU
	EndGlobalSection
	GlobalSection(SolutionProperties) = preSolution
		HideSolutionNode = FALSE
	EndGlobalSection
	GlobalSection(NestedProjects) = preSolution
		{D3237E19-8F30-42DE-82AB-8DB627CF0347} = {0BA61C37-1377-40CF-906C-075D6F02091E}
		{B2920262-3251-49E5-BDB4-292AB8A06D29} = {C9CC55F9-6C60-4C58-A6A3-5845C8238B68}
		{6C6C5CC4-DBCA-436F-9FAF-56DCFA8AF35E} = {6F2EBCB2-D67B-48F8-88E9-D5530379D005}
		{DD857201-F7E3-4AD5-8963-3A71B6560ACE} = {C9CC55F9-6C60-4C58-A6A3-5845C8238B68}
		{81BC10C0-99A7-4818-8895-7D140B2F5B3F} = {0BA61C37-1377-40CF-906C-075D6F02091E}
		{EEC8829D-FD51-444F-8ADA-448DC5C7C111} = {6F2EBCB2-D67B-48F8-88E9-D5530379D005}
		{CE99402E-6DAA-486D-919D-F258EAF31C1D} = {0BA61C37-1377-40CF-906C-075D6F02091E}
		{D8D1FE11-45F5-4A3C-A925-402FC02AA205} = {C9CC55F9-6C60-4C58-A6A3-5845C8238B68}
		{C222D963-D7B3-4D68-AD9E-CF54FDF6B772} = {6F2EBCB2-D67B-48F8-88E9-D5530379D005}
		{9B3AF967-C8AF-45F4-B4F2-F2865A98DB06} = {6F2EBCB2-D67B-48F8-88E9-D5530379D005}
		{7168B471-1DE1-4D41-AEC0-DC254D86D1DD} = {0BA61C37-1377-40CF-906C-075D6F02091E}
		{C6036A34-F548-42FE-AF26-9DE7C36C9513} = {C9CC55F9-6C60-4C58-A6A3-5845C8238B68}
		{8DA7ADF5-E6C3-4101-9DF4-D604F7AF28E9} = {6F2EBCB2-D67B-48F8-88E9-D5530379D005}
		{FEF127DC-F965-4C60-A812-CF4FF74CA35C} = {0BA61C37-1377-40CF-906C-075D6F02091E}
		{E535E592-BB78-424A-8C2D-17FBC0AC1B50} = {C9CC55F9-6C60-4C58-A6A3-5845C8238B68}
		{8D04EF0E-14EA-45A1-87BA-86E6D4B12D4E} = {6F2EBCB2-D67B-48F8-88E9-D5530379D005}
		{4DA2B4C4-0B4E-44A6-BDCA-A596179E0001} = {0BA61C37-1377-40CF-906C-075D6F02091E}
		{D9E9839C-9BCB-448F-BF80-B4544A5AEA5C} = {C9CC55F9-6C60-4C58-A6A3-5845C8238B68}
		{CF42531D-836A-4E0A-955A-99CD6F389515} = {6F2EBCB2-D67B-48F8-88E9-D5530379D005}
		{326A54BD-E504-491B-AF9C-CC1AB31A727C} = {0BA61C37-1377-40CF-906C-075D6F02091E}
		{6A94D241-456D-41A0-91C5-9D9919624798} = {C9CC55F9-6C60-4C58-A6A3-5845C8238B68}
		{D5A13FCA-A072-49D1-AEE7-AF42227DAFA6} = {6F2EBCB2-D67B-48F8-88E9-D5530379D005}
		{090D9003-D0E8-45E4-93A0-E3511E96F574} = {0BA61C37-1377-40CF-906C-075D6F02091E}
		{1881FFC0-8858-45D1-9FA1-F9A48D662F11} = {C9CC55F9-6C60-4C58-A6A3-5845C8238B68}
		{790A657C-BD11-4B11-AEFE-BC5CED37E721} = {6F2EBCB2-D67B-48F8-88E9-D5530379D005}
		{2B0407E6-F3DC-43CE-BCD7-F5471E52A769} = {0BA61C37-1377-40CF-906C-075D6F02091E}
		{F3D56025-048C-4284-B85D-2C9034C5F43F} = {6F2EBCB2-D67B-48F8-88E9-D5530379D005}
		{CFEF8420-C842-4090-9207-6C6F251A48D5} = {0BA61C37-1377-40CF-906C-075D6F02091E}
		{A9B8E304-0398-4B48-9750-182B6AD661BD} = {C9CC55F9-6C60-4C58-A6A3-5845C8238B68}
		{48A2D513-0324-4DB5-A129-A0C61512ACB4} = {C9CC55F9-6C60-4C58-A6A3-5845C8238B68}
		{CD35C3C5-8898-419A-8811-33BC4070C4B4} = {0BA61C37-1377-40CF-906C-075D6F02091E}
		{1FC68903-3343-4A19-89E5-A87CC264CCD6} = {6F2EBCB2-D67B-48F8-88E9-D5530379D005}
		{726F515A-1281-499A-9C36-700407C03853} = {034C4DA9-4A40-4B18-8808-725592A2B531}
		{283BA47F-0460-4DC6-AFA8-8EDE43C327E2} = {034C4DA9-4A40-4B18-8808-725592A2B531}
		{7480FE92-26C0-4426-AA80-E23F4365B267} = {6F2EBCB2-D67B-48F8-88E9-D5530379D005}
		{93132C38-FEC3-415A-B1C6-F1E9B859E630} = {0BA61C37-1377-40CF-906C-075D6F02091E}
		{F6E0E64A-8C7F-4D2C-A2F6-661C91657DBC} = {C9CC55F9-6C60-4C58-A6A3-5845C8238B68}
		{F1FC3342-C3F8-468C-8DDE-46D050D1E36E} = {6F2EBCB2-D67B-48F8-88E9-D5530379D005}
		{36D222D6-9EE8-4FB8-89CA-861292A1956A} = {0BA61C37-1377-40CF-906C-075D6F02091E}
		{AEB01FFC-9989-4E22-AEF6-0C8B6571C450} = {C9CC55F9-6C60-4C58-A6A3-5845C8238B68}
		{B4489826-A9E8-4347-A41E-7267106C04A5} = {6F2EBCB2-D67B-48F8-88E9-D5530379D005}
		{8B5DFA07-05B0-4164-BF0F-CC6D14538A0A} = {6F2EBCB2-D67B-48F8-88E9-D5530379D005}
		{970965C6-F30D-4D3F-917C-311D22E1F22F} = {0BA61C37-1377-40CF-906C-075D6F02091E}
		{38E80FDF-B63C-4A05-9E20-3EFDEA59811F} = {C9CC55F9-6C60-4C58-A6A3-5845C8238B68}
		{792E088B-9088-46A4-ADB8-D84BA634AC6F} = {0BA61C37-1377-40CF-906C-075D6F02091E}
		{F59ACCD4-C0B6-4B2A-A326-9698B6A8900A} = {C9CC55F9-6C60-4C58-A6A3-5845C8238B68}
		{D9A2810B-BF1D-4EB3-B2A0-0E0CF5BFF87E} = {6F2EBCB2-D67B-48F8-88E9-D5530379D005}
		{EAC59DBA-D9CA-43A6-80D0-9225260A4D0F} = {0BA61C37-1377-40CF-906C-075D6F02091E}
		{6117C0EE-5946-49B2-AF39-BFB673E9A6F9} = {C9CC55F9-6C60-4C58-A6A3-5845C8238B68}
		{B0A3BD2E-26FF-460A-A8EE-3CE9840B104B} = {6F2EBCB2-D67B-48F8-88E9-D5530379D005}
		{0D859F5A-678E-4D5F-AB82-AE7DB6BAB4AF} = {0BA61C37-1377-40CF-906C-075D6F02091E}
		{3BB32255-20C5-4DE2-906F-E87992307E3E} = {C9CC55F9-6C60-4C58-A6A3-5845C8238B68}
		{07C9D0ED-8B34-4DBC-A2A0-D59642333CF1} = {6F2EBCB2-D67B-48F8-88E9-D5530379D005}
		{FDB0A9C9-3FC5-47C0-8989-5550EABBE973} = {6F2EBCB2-D67B-48F8-88E9-D5530379D005}
		{8DEB8EB8-AA5E-427E-B002-EF5C3B666C01} = {C9CC55F9-6C60-4C58-A6A3-5845C8238B68}
		{2D325ED1-EEE2-4679-A3C5-D0EF496B9903} = {0BA61C37-1377-40CF-906C-075D6F02091E}
		{DDF88A51-CAF6-4212-97E6-6F972E97922E} = {74B8B640-65BF-4323-AD23-973F95058B1C}
		{67B9CD87-7730-4229-9FE7-CD758EE608CE} = {97812169-FEED-47A6-8CAA-E184C80683DF}
		{4AAF2DF5-D194-4975-B5A7-5A5385BDDBB8} = {8F307D76-CDE7-49FB-91C7-2C9E35677337}
		{9D4B9F5A-7592-41DF-ADD8-8C1F7D177C84} = {6F2EBCB2-D67B-48F8-88E9-D5530379D005}
		{F51EAA13-327B-4137-BF8D-EA3A65AB9388} = {0BA61C37-1377-40CF-906C-075D6F02091E}
		{A675C768-7869-4C3A-ABB1-571F5691F1F3} = {C9CC55F9-6C60-4C58-A6A3-5845C8238B68}
		{083771E2-97B0-4D8C-B153-AA7C0F9BE4C3} = {C9CC55F9-6C60-4C58-A6A3-5845C8238B68}
		{5FCA7C70-ED19-49E1-994C-4AC365F49A1E} = {0BA61C37-1377-40CF-906C-075D6F02091E}
		{DA7DC3C6-A608-45B1-B5B0-5BEFCDF66587} = {0BA61C37-1377-40CF-906C-075D6F02091E}
		{545B9F69-CE12-43AB-B631-A209E28DC2B8} = {C9CC55F9-6C60-4C58-A6A3-5845C8238B68}
		{C0F5FD55-2444-4C1E-B26E-A69FAB29449E} = {6F2EBCB2-D67B-48F8-88E9-D5530379D005}
		{62C1B0CE-A95C-41C0-877C-763E4E6276AB} = {0BA61C37-1377-40CF-906C-075D6F02091E}
		{3BD4B39F-5F1F-442F-94AD-F3D9A294DFD7} = {C9CC55F9-6C60-4C58-A6A3-5845C8238B68}
	EndGlobalSection
	GlobalSection(ExtensibilityGlobals) = postSolution
		SolutionGuid = {BEDF24AC-5B1C-4359-A57C-C5FD7C887B7B}
	EndGlobalSection
EndGlobal
